
Microsoft Visual Studio Solution File, Format Version 12.00
# Visual Studio Version 16
VisualStudioVersion = 16.0.31005.135
MinimumVisualStudioVersion = 10.0.40219.1
Project("{9A19103F-16F7-4668-BE54-9A1E7A4F7556}") = "AlgorithmsPracticeLibrary", "AlgorithmsPracticeLibrary\AlgorithmsPracticeLibrary.csproj", "{A60B8F56-56DA-4C8F-9824-9E7346BA9BB1}"
EndProject
Project("{9A19103F-16F7-4668-BE54-9A1E7A4F7556}") = "AlgorithmsPracticeTest", "AlgorithmsPracticeTest\AlgorithmsPracticeTest.csproj", "{AE486975-1ED8-41CC-B31B-BE17D7066507}"
EndProject
Global
	GlobalSection(SolutionConfigurationPlatforms) = preSolution
		Debug|Any CPU = Debug|Any CPU
		Release|Any CPU = Release|Any CPU
	EndGlobalSection
	GlobalSection(ProjectConfigurationPlatforms) = postSolution
		{A60B8F56-56DA-4C8F-9824-9E7346BA9BB1}.Debug|Any CPU.ActiveCfg = Debug|Any CPU
		{A60B8F56-56DA-4C8F-9824-9E7346BA9BB1}.Debug|Any CPU.Build.0 = Debug|Any CPU
		{A60B8F56-56DA-4C8F-9824-9E7346BA9BB1}.Release|Any CPU.ActiveCfg = Release|Any CPU
		{A60B8F56-56DA-4C8F-9824-9E7346BA9BB1}.Release|Any CPU.Build.0 = Release|Any CPU
		{AE486975-1ED8-41CC-B31B-BE17D7066507}.Debug|Any CPU.ActiveCfg = Debug|Any CPU
		{AE486975-1ED8-41CC-B31B-BE17D7066507}.Debug|Any CPU.Build.0 = Debug|Any CPU
		{AE486975-1ED8-41CC-B31B-BE17D7066507}.Release|Any CPU.ActiveCfg = Release|Any CPU
		{AE486975-1ED8-41CC-B31B-BE17D7066507}.Release|Any CPU.Build.0 = Release|Any CPU
	EndGlobalSection
	GlobalSection(SolutionProperties) = preSolution
		HideSolutionNode = FALSE
	EndGlobalSection
	GlobalSection(ExtensibilityGlobals) = postSolution
		SolutionGuid = {6F119107-7C59-4F48-AE18-5CBDEB1D76E5}
	EndGlobalSection
EndGlobal
